// !$*UTF8*$!
{
	archiveVersion = 1;
	classes = {
	};
	objectVersion = 77;
	objects = {

/* Begin PBXBuildFile section */
		A6DEF6A12CE23999004749FF /* Alamofire in Frameworks */ = {isa = PBXBuildFile; productRef = A6DEF6A02CE23999004749FF /* Alamofire */; };
		A6DEF7432CE26A55004749FF /* SDWebImage in Frameworks */ = {isa = PBXBuildFile; productRef = A6DEF7422CE26A55004749FF /* SDWebImage */; };
/* End PBXBuildFile section */

/* Begin PBXContainerItemProxy section */
		A6DEF66B2CE237A4004749FF /* PBXContainerItemProxy */ = {
			isa = PBXContainerItemProxy;
			containerPortal = A6DEF64C2CE237A2004749FF /* Project object */;
			proxyType = 1;
			remoteGlobalIDString = A6DEF6532CE237A2004749FF;
			remoteInfo = TmdbMovieApp;
		};
		A6DEF6752CE237A4004749FF /* PBXContainerItemProxy */ = {
			isa = PBXContainerItemProxy;
			containerPortal = A6DEF64C2CE237A2004749FF /* Project object */;
			proxyType = 1;
			remoteGlobalIDString = A6DEF6532CE237A2004749FF;
			remoteInfo = TmdbMovieApp;
		};
/* End PBXContainerItemProxy section */

/* Begin PBXFileReference section */
		A6DEF6542CE237A2004749FF /* TmdbMovieApp.app */ = {isa = PBXFileReference; explicitFileType = wrapper.application; includeInIndex = 0; path = TmdbMovieApp.app; sourceTree = BUILT_PRODUCTS_DIR; };
		A6DEF66A2CE237A4004749FF /* TmdbMovieAppTests.xctest */ = {isa = PBXFileReference; explicitFileType = wrapper.cfbundle; includeInIndex = 0; path = TmdbMovieAppTests.xctest; sourceTree = BUILT_PRODUCTS_DIR; };
		A6DEF6742CE237A4004749FF /* TmdbMovieAppUITests.xctest */ = {isa = PBXFileReference; explicitFileType = wrapper.cfbundle; includeInIndex = 0; path = TmdbMovieAppUITests.xctest; sourceTree = BUILT_PRODUCTS_DIR; };
/* End PBXFileReference section */

/* Begin PBXFileSystemSynchronizedBuildFileExceptionSet section */
		A6DEF67C2CE237A4004749FF /* Exceptions for "TmdbMovieApp" folder in "TmdbMovieApp" target */ = {
			isa = PBXFileSystemSynchronizedBuildFileExceptionSet;
			membershipExceptions = (
				Info.plist,
			);
			target = A6DEF6532CE237A2004749FF /* TmdbMovieApp */;
		};
/* End PBXFileSystemSynchronizedBuildFileExceptionSet section */

/* Begin PBXFileSystemSynchronizedRootGroup section */
		A6DEF6562CE237A2004749FF /* TmdbMovieApp */ = {
			isa = PBXFileSystemSynchronizedRootGroup;
			exceptions = (
				A6DEF67C2CE237A4004749FF /* Exceptions for "TmdbMovieApp" folder in "TmdbMovieApp" target */,
			);
			path = TmdbMovieApp;
			sourceTree = "<group>";
		};
		A6DEF66D2CE237A4004749FF /* TmdbMovieAppTests */ = {
			isa = PBXFileSystemSynchronizedRootGroup;
			path = TmdbMovieAppTests;
			sourceTree = "<group>";
		};
		A6DEF6772CE237A4004749FF /* TmdbMovieAppUITests */ = {
			isa = PBXFileSystemSynchronizedRootGroup;
			path = TmdbMovieAppUITests;
			sourceTree = "<group>";
		};
/* End PBXFileSystemSynchronizedRootGroup section */

/* Begin PBXFrameworksBuildPhase section */
		A6DEF6512CE237A2004749FF /* Frameworks */ = {
			isa = PBXFrameworksBuildPhase;
			buildActionMask = 2147483647;
			files = (
				A6DEF7432CE26A55004749FF /* SDWebImage in Frameworks */,
				A6DEF6A12CE23999004749FF /* Alamofire in Frameworks */,
			);
			runOnlyForDeploymentPostprocessing = 0;
		};
		A6DEF6672CE237A4004749FF /* Frameworks */ = {
			isa = PBXFrameworksBuildPhase;
			buildActionMask = 2147483647;
			files = (
			);
			runOnlyForDeploymentPostprocessing = 0;
		};
		A6DEF6712CE237A4004749FF /* Frameworks */ = {
			isa = PBXFrameworksBuildPhase;
			buildActionMask = 2147483647;
			files = (
			);
			runOnlyForDeploymentPostprocessing = 0;
		};
/* End PBXFrameworksBuildPhase section */

/* Begin PBXGroup section */
		A6DEF64B2CE237A2004749FF = {
			isa = PBXGroup;
			children = (
				A6DEF6562CE237A2004749FF /* TmdbMovieApp */,
				A6DEF66D2CE237A4004749FF /* TmdbMovieAppTests */,
				A6DEF6772CE237A4004749FF /* TmdbMovieAppUITests */,
				A6DEF6552CE237A2004749FF /* Products */,
			);
			sourceTree = "<group>";
		};
		A6DEF6552CE237A2004749FF /* Products */ = {
			isa = PBXGroup;
			children = (
				A6DEF6542CE237A2004749FF /* TmdbMovieApp.app */,
				A6DEF66A2CE237A4004749FF /* TmdbMovieAppTests.xctest */,
				A6DEF6742CE237A4004749FF /* TmdbMovieAppUITests.xctest */,
			);
			name = Products;
			sourceTree = "<group>";
		};
/* End PBXGroup section */

/* Begin PBXNativeTarget section */
		A6DEF6532CE237A2004749FF /* TmdbMovieApp */ = {
			isa = PBXNativeTarget;
			buildConfigurationList = A6DEF67D2CE237A4004749FF /* Build configuration list for PBXNativeTarget "TmdbMovieApp" */;
			buildPhases = (
				A6DEF6502CE237A2004749FF /* Sources */,
				A6DEF6512CE237A2004749FF /* Frameworks */,
				A6DEF6522CE237A2004749FF /* Resources */,
			);
			buildRules = (
			);
			dependencies = (
			);
			fileSystemSynchronizedGroups = (
				A6DEF6562CE237A2004749FF /* TmdbMovieApp */,
			);
			name = TmdbMovieApp;
			packageProductDependencies = (
				A6DEF6A02CE23999004749FF /* Alamofire */,
				A6DEF7422CE26A55004749FF /* SDWebImage */,
			);
			productName = TmdbMovieApp;
			productReference = A6DEF6542CE237A2004749FF /* TmdbMovieApp.app */;
			productType = "com.apple.product-type.application";
		};
		A6DEF6692CE237A4004749FF /* TmdbMovieAppTests */ = {
			isa = PBXNativeTarget;
			buildConfigurationList = A6DEF6822CE237A4004749FF /* Build configuration list for PBXNativeTarget "TmdbMovieAppTests" */;
			buildPhases = (
				A6DEF6662CE237A4004749FF /* Sources */,
				A6DEF6672CE237A4004749FF /* Frameworks */,
				A6DEF6682CE237A4004749FF /* Resources */,
			);
			buildRules = (
			);
			dependencies = (
				A6DEF66C2CE237A4004749FF /* PBXTargetDependency */,
			);
			fileSystemSynchronizedGroups = (
				A6DEF66D2CE237A4004749FF /* TmdbMovieAppTests */,
			);
			name = TmdbMovieAppTests;
			packageProductDependencies = (
			);
			productName = TmdbMovieAppTests;
			productReference = A6DEF66A2CE237A4004749FF /* TmdbMovieAppTests.xctest */;
			productType = "com.apple.product-type.bundle.unit-test";
		};
		A6DEF6732CE237A4004749FF /* TmdbMovieAppUITests */ = {
			isa = PBXNativeTarget;
			buildConfigurationList = A6DEF6852CE237A4004749FF /* Build configuration list for PBXNativeTarget "TmdbMovieAppUITests" */;
			buildPhases = (
				A6DEF6702CE237A4004749FF /* Sources */,
				A6DEF6712CE237A4004749FF /* Frameworks */,
				A6DEF6722CE237A4004749FF /* Resources */,
			);
			buildRules = (
			);
			dependencies = (
				A6DEF6762CE237A4004749FF /* PBXTargetDependency */,
			);
			fileSystemSynchronizedGroups = (
				A6DEF6772CE237A4004749FF /* TmdbMovieAppUITests */,
			);
			name = TmdbMovieAppUITests;
			packageProductDependencies = (
			);
			productName = TmdbMovieAppUITests;
			productReference = A6DEF6742CE237A4004749FF /* TmdbMovieAppUITests.xctest */;
			productType = "com.apple.product-type.bundle.ui-testing";
		};
/* End PBXNativeTarget section */

/* Begin PBXProject section */
		A6DEF64C2CE237A2004749FF /* Project object */ = {
			isa = PBXProject;
			attributes = {
				BuildIndependentTargetsInParallel = 1;
				LastSwiftUpdateCheck = 1610;
				LastUpgradeCheck = 1610;
				TargetAttributes = {
					A6DEF6532CE237A2004749FF = {
						CreatedOnToolsVersion = 16.1;
					};
					A6DEF6692CE237A4004749FF = {
						CreatedOnToolsVersion = 16.1;
						TestTargetID = A6DEF6532CE237A2004749FF;
					};
					A6DEF6732CE237A4004749FF = {
						CreatedOnToolsVersion = 16.1;
						TestTargetID = A6DEF6532CE237A2004749FF;
					};
				};
			};
			buildConfigurationList = A6DEF64F2CE237A2004749FF /* Build configuration list for PBXProject "TmdbMovieApp" */;
			developmentRegion = en;
			hasScannedForEncodings = 0;
			knownRegions = (
				en,
				Base,
			);
			mainGroup = A6DEF64B2CE237A2004749FF;
			minimizedProjectReferenceProxies = 1;
			packageReferences = (
				A6DEF69F2CE23999004749FF /* XCRemoteSwiftPackageReference "Alamofire" */,
				A6DEF7412CE26A55004749FF /* XCRemoteSwiftPackageReference "SDWebImage" */,
			);
			preferredProjectObjectVersion = 77;
			productRefGroup = A6DEF6552CE237A2004749FF /* Products */;
			projectDirPath = "";
			projectRoot = "";
			targets = (
				A6DEF6532CE237A2004749FF /* TmdbMovieApp */,
				A6DEF6692CE237A4004749FF /* TmdbMovieAppTests */,
				A6DEF6732CE237A4004749FF /* TmdbMovieAppUITests */,
			);
		};
/* End PBXProject section */

/* Begin PBXResourcesBuildPhase section */
		A6DEF6522CE237A2004749FF /* Resources */ = {
			isa = PBXResourcesBuildPhase;
			buildActionMask = 2147483647;
			files = (
			);
			runOnlyForDeploymentPostprocessing = 0;
		};
		A6DEF6682CE237A4004749FF /* Resources */ = {
			isa = PBXResourcesBuildPhase;
			buildActionMask = 2147483647;
			files = (
			);
			runOnlyForDeploymentPostprocessing = 0;
		};
		A6DEF6722CE237A4004749FF /* Resources */ = {
			isa = PBXResourcesBuildPhase;
			buildActionMask = 2147483647;
			files = (
			);
			runOnlyForDeploymentPostprocessing = 0;
		};
/* End PBXResourcesBuildPhase section */

/* Begin PBXSourcesBuildPhase section */
		A6DEF6502CE237A2004749FF /* Sources */ = {
			isa = PBXSourcesBuildPhase;
			buildActionMask = 2147483647;
			files = (
			);
			runOnlyForDeploymentPostprocessing = 0;
		};
		A6DEF6662CE237A4004749FF /* Sources */ = {
			isa = PBXSourcesBuildPhase;
			buildActionMask = 2147483647;
			files = (
			);
			runOnlyForDeploymentPostprocessing = 0;
		};
		A6DEF6702CE237A4004749FF /* Sources */ = {
			isa = PBXSourcesBuildPhase;
			buildActionMask = 2147483647;
			files = (
			);
			runOnlyForDeploymentPostprocessing = 0;
		};
/* End PBXSourcesBuildPhase section */

/* Begin PBXTargetDependency section */
		A6DEF66C2CE237A4004749FF /* PBXTargetDependency */ = {
			isa = PBXTargetDependency;
			target = A6DEF6532CE237A2004749FF /* TmdbMovieApp */;
			targetProxy = A6DEF66B2CE237A4004749FF /* PBXContainerItemProxy */;
		};
		A6DEF6762CE237A4004749FF /* PBXTargetDependency */ = {
			isa = PBXTargetDependency;
			target = A6DEF6532CE237A2004749FF /* TmdbMovieApp */;
			targetProxy = A6DEF6752CE237A4004749FF /* PBXContainerItemProxy */;
		};
/* End PBXTargetDependency section */

/* Begin XCBuildConfiguration section */
		A6DEF67E2CE237A4004749FF /* Debug */ = {
			isa = XCBuildConfiguration;
			buildSettings = {
				ASSETCATALOG_COMPILER_APPICON_NAME = AppIcon;
				ASSETCATALOG_COMPILER_GLOBAL_ACCENT_COLOR_NAME = AccentColor;
				CODE_SIGN_STYLE = Automatic;
				CURRENT_PROJECT_VERSION = 1;
				DEVELOPMENT_TEAM = YNH65UJDQA;
				GENERATE_INFOPLIST_FILE = YES;
				INFOPLIST_FILE = TmdbMovieApp/Info.plist;
				INFOPLIST_KEY_UIApplicationSupportsIndirectInputEvents = YES;
				INFOPLIST_KEY_UILaunchStoryboardName = LaunchScreen;
				INFOPLIST_KEY_UISupportedInterfaceOrientations_iPad = "UIInterfaceOrientationPortrait UIInterfaceOrientationPortraitUpsideDown UIInterfaceOrientationLandscapeLeft UIInterfaceOrientationLandscapeRight";
				INFOPLIST_KEY_UISupportedInterfaceOrientations_iPhone = "UIInterfaceOrientationPortrait UIInterfaceOrientationLandscapeLeft UIInterfaceOrientationLandscapeRight";
				LD_RUNPATH_SEARCH_PATHS = (
					"$(inherited)",
					"@executable_path/Frameworks",
				);
				MARKETING_VERSION = 1.0;
				PRODUCT_BUNDLE_IDENTIFIER = OzkanNevin.TmdbMovieApp;
				PRODUCT_NAME = "$(TARGET_NAME)";
				SWIFT_EMIT_LOC_STRINGS = YES;
				SWIFT_VERSION = 5.0;
				TARGETED_DEVICE_FAMILY = "1,2";
			};
			name = Debug;
		};
		A6DEF67F2CE237A4004749FF /* Release */ = {
			isa = XCBuildConfiguration;
			buildSettings = {
				ASSETCATALOG_COMPILER_APPICON_NAME = AppIcon;
				ASSETCATALOG_COMPILER_GLOBAL_ACCENT_COLOR_NAME = AccentColor;
				CODE_SIGN_STYLE = Automatic;
				CURRENT_PROJECT_VERSION = 1;
				DEVELOPMENT_TEAM = YNH65UJDQA;
				GENERATE_INFOPLIST_FILE = YES;
				INFOPLIST_FILE = TmdbMovieApp/Info.plist;
				INFOPLIST_KEY_UIApplicationSupportsIndirectInputEvents = YES;
				INFOPLIST_KEY_UILaunchStoryboardName = LaunchScreen;
				INFOPLIST_KEY_UISupportedInterfaceOrientations_iPad = "UIInterfaceOrientationPortrait UIInterfaceOrientationPortraitUpsideDown UIInterfaceOrientationLandscapeLeft UIInterfaceOrientationLandscapeRight";
				INFOPLIST_KEY_UISupportedInterfaceOrientations_iPhone = "UIInterfaceOrientationPortrait UIInterfaceOrientationLandscapeLeft UIInterfaceOrientationLandscapeRight";
				LD_RUNPATH_SEARCH_PATHS = (
					"$(inherited)",
					"@executable_path/Frameworks",
				);
				MARKETING_VERSION = 1.0;
				PRODUCT_BUNDLE_IDENTIFIER = OzkanNevin.TmdbMovieApp;
				PRODUCT_NAME = "$(TARGET_NAME)";
				SWIFT_EMIT_LOC_STRINGS = YES;
				SWIFT_VERSION = 5.0;
				TARGETED_DEVICE_FAMILY = "1,2";
			};
			name = Release;
		};
		A6DEF6802CE237A4004749FF /* Debug */ = {
			isa = XCBuildConfiguration;
			buildSettings = {
				ALWAYS_SEARCH_USER_PATHS = NO;
				ASSETCATALOG_COMPILER_GENERATE_SWIFT_ASSET_SYMBOL_EXTENSIONS = YES;
				CLANG_ANALYZER_NONNULL = YES;
				CLANG_ANALYZER_NUMBER_OBJECT_CONVERSION = YES_AGGRESSIVE;
				CLANG_CXX_LANGUAGE_STANDARD = "gnu++20";
				CLANG_ENABLE_MODULES = YES;
				CLANG_ENABLE_OBJC_ARC = YES;
				CLANG_ENABLE_OBJC_WEAK = YES;
				CLANG_WARN_BLOCK_CAPTURE_AUTORELEASING = YES;
				CLANG_WARN_BOOL_CONVERSION = YES;
				CLANG_WARN_COMMA = YES;
				CLANG_WARN_CONSTANT_CONVERSION = YES;
				CLANG_WARN_DEPRECATED_OBJC_IMPLEMENTATIONS = YES;
				CLANG_WARN_DIRECT_OBJC_ISA_USAGE = YES_ERROR;
				CLANG_WARN_DOCUMENTATION_COMMENTS = YES;
				CLANG_WARN_EMPTY_BODY = YES;
				CLANG_WARN_ENUM_CONVERSION = YES;
				CLANG_WARN_INFINITE_RECURSION = YES;
				CLANG_WARN_INT_CONVERSION = YES;
				CLANG_WARN_NON_LITERAL_NULL_CONVERSION = YES;
				CLANG_WARN_OBJC_IMPLICIT_RETAIN_SELF = YES;
				CLANG_WARN_OBJC_LITERAL_CONVERSION = YES;
				CLANG_WARN_OBJC_ROOT_CLASS = YES_ERROR;
				CLANG_WARN_QUOTED_INCLUDE_IN_FRAMEWORK_HEADER = YES;
				CLANG_WARN_RANGE_LOOP_ANALYSIS = YES;
				CLANG_WARN_STRICT_PROTOTYPES = YES;
				CLANG_WARN_SUSPICIOUS_MOVE = YES;
				CLANG_WARN_UNGUARDED_AVAILABILITY = YES_AGGRESSIVE;
				CLANG_WARN_UNREACHABLE_CODE = YES;
				CLANG_WARN__DUPLICATE_METHOD_MATCH = YES;
				COPY_PHASE_STRIP = NO;
				DEBUG_INFORMATION_FORMAT = dwarf;
				ENABLE_STRICT_OBJC_MSGSEND = YES;
				ENABLE_TESTABILITY = YES;
				ENABLE_USER_SCRIPT_SANDBOXING = YES;
				GCC_C_LANGUAGE_STANDARD = gnu17;
				GCC_DYNAMIC_NO_PIC = NO;
				GCC_NO_COMMON_BLOCKS = YES;
				GCC_OPTIMIZATION_LEVEL = 0;
				GCC_PREPROCESSOR_DEFINITIONS = (
					"DEBUG=1",
					"$(inherited)",
				);
				GCC_WARN_64_TO_32_BIT_CONVERSION = YES;
				GCC_WARN_ABOUT_RETURN_TYPE = YES_ERROR;
				GCC_WARN_UNDECLARED_SELECTOR = YES;
				GCC_WARN_UNINITIALIZED_AUTOS = YES_AGGRESSIVE;
				GCC_WARN_UNUSED_FUNCTION = YES;
				GCC_WARN_UNUSED_VARIABLE = YES;
				IPHONEOS_DEPLOYMENT_TARGET = 18.1;
				LOCALIZATION_PREFERS_STRING_CATALOGS = YES;
				MTL_ENABLE_DEBUG_INFO = INCLUDE_SOURCE;
				MTL_FAST_MATH = YES;
				ONLY_ACTIVE_ARCH = YES;
				SDKROOT = iphoneos;
				SWIFT_ACTIVE_COMPILATION_CONDITIONS = "DEBUG $(inherited)";
				SWIFT_OPTIMIZATION_LEVEL = "-Onone";
			};
			name = Debug;
		};
		A6DEF6812CE237A4004749FF /* Release */ = {
			isa = XCBuildConfiguration;
			buildSettings = {
				ALWAYS_SEARCH_USER_PATHS = NO;
				ASSETCATALOG_COMPILER_GENERATE_SWIFT_ASSET_SYMBOL_EXTENSIONS = YES;
				CLANG_ANALYZER_NONNULL = YES;
				CLANG_ANALYZER_NUMBER_OBJECT_CONVERSION = YES_AGGRESSIVE;
				CLANG_CXX_LANGUAGE_STANDARD = "gnu++20";
				CLANG_ENABLE_MODULES = YES;
				CLANG_ENABLE_OBJC_ARC = YES;
				CLANG_ENABLE_OBJC_WEAK = YES;
				CLANG_WARN_BLOCK_CAPTURE_AUTORELEASING = YES;
				CLANG_WARN_BOOL_CONVERSION = YES;
				CLANG_WARN_COMMA = YES;
				CLANG_WARN_CONSTANT_CONVERSION = YES;
				CLANG_WARN_DEPRECATED_OBJC_IMPLEMENTATIONS = YES;
				CLANG_WARN_DIRECT_OBJC_ISA_USAGE = YES_ERROR;
				CLANG_WARN_DOCUMENTATION_COMMENTS = YES;
				CLANG_WARN_EMPTY_BODY = YES;
				CLANG_WARN_ENUM_CONVERSION = YES;
				CLANG_WARN_INFINITE_RECURSION = YES;
				CLANG_WARN_INT_CONVERSION = YES;
				CLANG_WARN_NON_LITERAL_NULL_CONVERSION = YES;
				CLANG_WARN_OBJC_IMPLICIT_RETAIN_SELF = YES;
				CLANG_WARN_OBJC_LITERAL_CONVERSION = YES;
				CLANG_WARN_OBJC_ROOT_CLASS = YES_ERROR;
				CLANG_WARN_QUOTED_INCLUDE_IN_FRAMEWORK_HEADER = YES;
				CLANG_WARN_RANGE_LOOP_ANALYSIS = YES;
				CLANG_WARN_STRICT_PROTOTYPES = YES;
				CLANG_WARN_SUSPICIOUS_MOVE = YES;
				CLANG_WARN_UNGUARDED_AVAILABILITY = YES_AGGRESSIVE;
				CLANG_WARN_UNREACHABLE_CODE = YES;
				CLANG_WARN__DUPLICATE_METHOD_MATCH = YES;
				COPY_PHASE_STRIP = NO;
				DEBUG_INFORMATION_FORMAT = "dwarf-with-dsym";
				ENABLE_NS_ASSERTIONS = NO;
				ENABLE_STRICT_OBJC_MSGSEND = YES;
				ENABLE_USER_SCRIPT_SANDBOXING = YES;
				GCC_C_LANGUAGE_STANDARD = gnu17;
				GCC_NO_COMMON_BLOCKS = YES;
				GCC_WARN_64_TO_32_BIT_CONVERSION = YES;
				GCC_WARN_ABOUT_RETURN_TYPE = YES_ERROR;
				GCC_WARN_UNDECLARED_SELECTOR = YES;
				GCC_WARN_UNINITIALIZED_AUTOS = YES_AGGRESSIVE;
				GCC_WARN_UNUSED_FUNCTION = YES;
				GCC_WARN_UNUSED_VARIABLE = YES;
				IPHONEOS_DEPLOYMENT_TARGET = 18.1;
				LOCALIZATION_PREFERS_STRING_CATALOGS = YES;
				MTL_ENABLE_DEBUG_INFO = NO;
				MTL_FAST_MATH = YES;
				SDKROOT = iphoneos;
				SWIFT_COMPILATION_MODE = wholemodule;
				VALIDATE_PRODUCT = YES;
			};
			name = Release;
		};
		A6DEF6832CE237A4004749FF /* Debug */ = {
			isa = XCBuildConfiguration;
			buildSettings = {
				BUNDLE_LOADER = "$(TEST_HOST)";
				CODE_SIGN_STYLE = Automatic;
				CURRENT_PROJECT_VERSION = 1;
				DEVELOPMENT_TEAM = YNH65UJDQA;
				GENERATE_INFOPLIST_FILE = YES;
				IPHONEOS_DEPLOYMENT_TARGET = 18.1;
				MARKETING_VERSION = 1.0;
				PRODUCT_BUNDLE_IDENTIFIER = OzkanNevin.TmdbMovieAppTests;
				PRODUCT_NAME = "$(TARGET_NAME)";
				SWIFT_EMIT_LOC_STRINGS = NO;
				SWIFT_VERSION = 5.0;
				TARGETED_DEVICE_FAMILY = "1,2";
				TEST_HOST = "$(BUILT_PRODUCTS_DIR)/TmdbMovieApp.app/$(BUNDLE_EXECUTABLE_FOLDER_PATH)/TmdbMovieApp";
			};
			name = Debug;
		};
		A6DEF6842CE237A4004749FF /* Release */ = {
			isa = XCBuildConfiguration;
			buildSettings = {
				BUNDLE_LOADER = "$(TEST_HOST)";
				CODE_SIGN_STYLE = Automatic;
				CURRENT_PROJECT_VERSION = 1;
				DEVELOPMENT_TEAM = YNH65UJDQA;
				GENERATE_INFOPLIST_FILE = YES;
				IPHONEOS_DEPLOYMENT_TARGET = 18.1;
				MARKETING_VERSION = 1.0;
				PRODUCT_BUNDLE_IDENTIFIER = OzkanNevin.TmdbMovieAppTests;
				PRODUCT_NAME = "$(TARGET_NAME)";
				SWIFT_EMIT_LOC_STRINGS = NO;
				SWIFT_VERSION = 5.0;
				TARGETED_DEVICE_FAMILY = "1,2";
				TEST_HOST = "$(BUILT_PRODUCTS_DIR)/TmdbMovieApp.app/$(BUNDLE_EXECUTABLE_FOLDER_PATH)/TmdbMovieApp";
			};
			name = Release;
		};
		A6DEF6862CE237A4004749FF /* Debug */ = {
			isa = XCBuildConfiguration;
			buildSettings = {
				CODE_SIGN_STYLE = Automatic;
				CURRENT_PROJECT_VERSION = 1;
				DEVELOPMENT_TEAM = YNH65UJDQA;
				GENERATE_INFOPLIST_FILE = YES;
				MARKETING_VERSION = 1.0;
				PRODUCT_BUNDLE_IDENTIFIER = OzkanNevin.TmdbMovieAppUITests;
				PRODUCT_NAME = "$(TARGET_NAME)";
				SWIFT_EMIT_LOC_STRINGS = NO;
				SWIFT_VERSION = 5.0;
				TARGETED_DEVICE_FAMILY = "1,2";
				TEST_TARGET_NAME = TmdbMovieApp;
			};
			name = Debug;
		};
		A6DEF6872CE237A4004749FF /* Release */ = {
			isa = XCBuildConfiguration;
			buildSettings = {
				CODE_SIGN_STYLE = Automatic;
				CURRENT_PROJECT_VERSION = 1;
				DEVELOPMENT_TEAM = YNH65UJDQA;
				GENERATE_INFOPLIST_FILE = YES;
				MARKETING_VERSION = 1.0;
				PRODUCT_BUNDLE_IDENTIFIER = OzkanNevin.TmdbMovieAppUITests;
				PRODUCT_NAME = "$(TARGET_NAME)";
				SWIFT_EMIT_LOC_STRINGS = NO;
				SWIFT_VERSION = 5.0;
				TARGETED_DEVICE_FAMILY = "1,2";
				TEST_TARGET_NAME = TmdbMovieApp;
			};
			name = Release;
		};
/* End XCBuildConfiguration section */

/* Begin XCConfigurationList section */
		A6DEF64F2CE237A2004749FF /* Build configuration list for PBXProject "TmdbMovieApp" */ = {
			isa = XCConfigurationList;
			buildConfigurations = (
				A6DEF6802CE237A4004749FF /* Debug */,
				A6DEF6812CE237A4004749FF /* Release */,
			);
			defaultConfigurationIsVisible = 0;
			defaultConfigurationName = Release;
		};
		A6DEF67D2CE237A4004749FF /* Build configuration list for PBXNativeTarget "TmdbMovieApp" */ = {
			isa = XCConfigurationList;
			buildConfigurations = (
				A6DEF67E2CE237A4004749FF /* Debug */,
				A6DEF67F2CE237A4004749FF /* Release */,
			);
			defaultConfigurationIsVisible = 0;
			defaultConfigurationName = Release;
		};
		A6DEF6822CE237A4004749FF /* Build configuration list for PBXNativeTarget "TmdbMovieAppTests" */ = {
			isa = XCConfigurationList;
			buildConfigurations = (
				A6DEF6832CE237A4004749FF /* Debug */,
				A6DEF6842CE237A4004749FF /* Release */,
			);
			defaultConfigurationIsVisible = 0;
			defaultConfigurationName = Release;
		};
		A6DEF6852CE237A4004749FF /* Build configuration list for PBXNativeTarget "TmdbMovieAppUITests" */ = {
			isa = XCConfigurationList;
			buildConfigurations = (
				A6DEF6862CE237A4004749FF /* Debug */,
				A6DEF6872CE237A4004749FF /* Release */,
			);
			defaultConfigurationIsVisible = 0;
			defaultConfigurationName = Release;
		};
/* End XCConfigurationList section */

/* Begin XCRemoteSwiftPackageReference section */
		A6DEF69F2CE23999004749FF /* XCRemoteSwiftPackageReference "Alamofire" */ = {
			isa = XCRemoteSwiftPackageReference;
			repositoryURL = "https://github.com/Alamofire/Alamofire.git";
			requirement = {
				kind = upToNextMajorVersion;
				minimumVersion = 5.10.1;
			};
		};
		A6DEF7412CE26A55004749FF /* XCRemoteSwiftPackageReference "SDWebImage" */ = {
			isa = XCRemoteSwiftPackageReference;
			repositoryURL = "https://github.com/SDWebImage/SDWebImage";
			requirement = {
				kind = upToNextMajorVersion;
				minimumVersion = 5.20.0;
			};
		};
/* End XCRemoteSwiftPackageReference section */

/* Begin XCSwiftPackageProductDependency section */
		A6DEF6A02CE23999004749FF /* Alamofire */ = {
			isa = XCSwiftPackageProductDependency;
			package = A6DEF69F2CE23999004749FF /* XCRemoteSwiftPackageReference "Alamofire" */;
			productName = Alamofire;
		};
		A6DEF7422CE26A55004749FF /* SDWebImage */ = {
			isa = XCSwiftPackageProductDependency;
			package = A6DEF7412CE26A55004749FF /* XCRemoteSwiftPackageReference "SDWebImage" */;
			productName = SDWebImage;
		};
/* End XCSwiftPackageProductDependency section */
	};
	rootObject = A6DEF64C2CE237A2004749FF /* Project object */;
}
